
Microsoft Visual Studio Solution File, Format Version 12.00
# Visual Studio Version 16
VisualStudioVersion = 16.0.30204.135
MinimumVisualStudioVersion = 10.0.40219.1
Project("{8BC9CEB8-8B4A-11D0-8D11-00A0C91BC942}") = "EmpresaMercado", "EmpresaMercado\EmpresaMercado.vcxproj", "{C46D2C63-C1B3-4F24-88DE-93999704E40E}"
EndProject
Global
	GlobalSection(SolutionConfigurationPlatforms) = preSolution
		Debug|x64 = Debug|x64
		Debug|x86 = Debug|x86
		Release|x64 = Release|x64
		Release|x86 = Release|x86
	EndGlobalSection
	GlobalSection(ProjectConfigurationPlatforms) = postSolution
		{C46D2C63-C1B3-4F24-88DE-93999704E40E}.Debug|x64.ActiveCfg = Debug|x64
		{C46D2C63-C1B3-4F24-88DE-93999704E40E}.Debug|x64.Build.0 = Debug|x64
		{C46D2C63-C1B3-4F24-88DE-93999704E40E}.Debug|x86.ActiveCfg = Debug|Win32
		{C46D2C63-C1B3-4F24-88DE-93999704E40E}.Debug|x86.Build.0 = Debug|Win32
		{C46D2C63-C1B3-4F24-88DE-93999704E40E}.Release|x64.ActiveCfg = Release|x64
		{C46D2C63-C1B3-4F24-88DE-93999704E40E}.Release|x64.Build.0 = Release|x64
		{C46D2C63-C1B3-4F24-88DE-93999704E40E}.Release|x86.ActiveCfg = Release|Win32
		{C46D2C63-C1B3-4F24-88DE-93999704E40E}.Release|x86.Build.0 = Release|Win32
	EndGlobalSection
	GlobalSection(SolutionProperties) = preSolution
		HideSolutionNode = FALSE
	EndGlobalSection
	GlobalSection(ExtensibilityGlobals) = postSolution
		SolutionGuid = {1F647CD9-DBC1-45D7-B29D-937BB02231EC}
	EndGlobalSection
EndGlobal
